// !$*UTF8*$!
{
	archiveVersion = 1;
	classes = {
	};
	objectVersion = 46;
	objects = {

/* Begin PBXBuildFile section */
		A277B2A819C7C6EA002E0E32 /* AppDelegate.swift in Sources */ = {isa = PBXBuildFile; fileRef = A277B2A719C7C6EA002E0E32 /* AppDelegate.swift */; };
		A277B2AA19C7C6EA002E0E32 /* ViewController.swift in Sources */ = {isa = PBXBuildFile; fileRef = A277B2A919C7C6EA002E0E32 /* ViewController.swift */; };
		A277B2AD19C7C6EA002E0E32 /* Main.storyboard in Resources */ = {isa = PBXBuildFile; fileRef = A277B2AB19C7C6EA002E0E32 /* Main.storyboard */; };
		A277B2AF19C7C6EA002E0E32 /* Images.xcassets in Resources */ = {isa = PBXBuildFile; fileRef = A277B2AE19C7C6EA002E0E32 /* Images.xcassets */; };
		A277B2BB19C7C6EA002E0E32 /* DemoTests.swift in Sources */ = {isa = PBXBuildFile; fileRef = A277B2BA19C7C6EA002E0E32 /* DemoTests.swift */; };
/* End PBXBuildFile section */

/* Begin PBXContainerItemProxy section */
		A277B2B519C7C6EA002E0E32 /* PBXContainerItemProxy */ = {
			isa = PBXContainerItemProxy;
			containerPortal = A277B29A19C7C6EA002E0E32 /* Project object */;
			proxyType = 1;
			remoteGlobalIDString = A277B2A119C7C6EA002E0E32;
			remoteInfo = Demo;
		};
/* End PBXContainerItemProxy section */

/* Begin PBXFileReference section */
		A277B2A219C7C6EA002E0E32 /* Demo.app */ = {isa = PBXFileReference; explicitFileType = wrapper.application; includeInIndex = 0; path = Demo.app; sourceTree = BUILT_PRODUCTS_DIR; };
		A277B2A619C7C6EA002E0E32 /* Info.plist */ = {isa = PBXFileReference; lastKnownFileType = text.plist.xml; path = Info.plist; sourceTree = "<group>"; };
		A277B2A719C7C6EA002E0E32 /* AppDelegate.swift */ = {isa = PBXFileReference; lastKnownFileType = sourcecode.swift; path = AppDelegate.swift; sourceTree = "<group>"; };
		A277B2A919C7C6EA002E0E32 /* ViewController.swift */ = {isa = PBXFileReference; lastKnownFileType = sourcecode.swift; path = ViewController.swift; sourceTree = "<group>"; };
		A277B2AC19C7C6EA002E0E32 /* Base */ = {isa = PBXFileReference; lastKnownFileType = file.storyboard; name = Base; path = Base.lproj/Main.storyboard; sourceTree = "<group>"; };
		A277B2AE19C7C6EA002E0E32 /* Images.xcassets */ = {isa = PBXFileReference; lastKnownFileType = folder.assetcatalog; path = Images.xcassets; sourceTree = "<group>"; };
		A277B2B419C7C6EA002E0E32 /* DemoTests.xctest */ = {isa = PBXFileReference; explicitFileType = wrapper.cfbundle; includeInIndex = 0; path = DemoTests.xctest; sourceTree = BUILT_PRODUCTS_DIR; };
		A277B2B919C7C6EA002E0E32 /* Info.plist */ = {isa = PBXFileReference; lastKnownFileType = text.plist.xml; path = Info.plist; sourceTree = "<group>"; };
		A277B2BA19C7C6EA002E0E32 /* DemoTests.swift */ = {isa = PBXFileReference; lastKnownFileType = sourcecode.swift; path = DemoTests.swift; sourceTree = "<group>"; };
/* End PBXFileReference section */

/* Begin PBXFrameworksBuildPhase section */
		A277B29F19C7C6EA002E0E32 /* Frameworks */ = {
			isa = PBXFrameworksBuildPhase;
			buildActionMask = 2147483647;
			files = (
			);
			runOnlyForDeploymentPostprocessing = 0;
		};
		A277B2B119C7C6EA002E0E32 /* Frameworks */ = {
			isa = PBXFrameworksBuildPhase;
			buildActionMask = 2147483647;
			files = (
			);
			runOnlyForDeploymentPostprocessing = 0;
		};
/* End PBXFrameworksBuildPhase section */

/* Begin PBXGroup section */
		A277B29919C7C6EA002E0E32 = {
			isa = PBXGroup;
			children = (
				A277B2A419C7C6EA002E0E32 /* Demo */,
				A277B2B719C7C6EA002E0E32 /* DemoTests */,
				A277B2A319C7C6EA002E0E32 /* Products */,
			);
			sourceTree = "<group>";
		};
		A277B2A319C7C6EA002E0E32 /* Products */ = {
			isa = PBXGroup;
			children = (
				A277B2A219C7C6EA002E0E32 /* Demo.app */,
				A277B2B419C7C6EA002E0E32 /* DemoTests.xctest */,
			);
			name = Products;
			sourceTree = "<group>";
		};
		A277B2A419C7C6EA002E0E32 /* Demo */ = {
			isa = PBXGroup;
			children = (
				A277B2A719C7C6EA002E0E32 /* AppDelegate.swift */,
				A277B2A919C7C6EA002E0E32 /* ViewController.swift */,
				A277B2AB19C7C6EA002E0E32 /* Main.storyboard */,
				A277B2AE19C7C6EA002E0E32 /* Images.xcassets */,
				A277B2A519C7C6EA002E0E32 /* Supporting Files */,
			);
			path = Demo;
			sourceTree = "<group>";
		};
		A277B2A519C7C6EA002E0E32 /* Supporting Files */ = {
			isa = PBXGroup;
			children = (
				A277B2A619C7C6EA002E0E32 /* Info.plist */,
			);
			name = "Supporting Files";
			sourceTree = "<group>";
		};
		A277B2B719C7C6EA002E0E32 /* DemoTests */ = {
			isa = PBXGroup;
			children = (
				A277B2BA19C7C6EA002E0E32 /* DemoTests.swift */,
				A277B2B819C7C6EA002E0E32 /* Supporting Files */,
			);
			path = DemoTests;
			sourceTree = "<group>";
		};
		A277B2B819C7C6EA002E0E32 /* Supporting Files */ = {
			isa = PBXGroup;
			children = (
				A277B2B919C7C6EA002E0E32 /* Info.plist */,
			);
			name = "Supporting Files";
			sourceTree = "<group>";
		};
/* End PBXGroup section */

/* Begin PBXNativeTarget section */
		A277B2A119C7C6EA002E0E32 /* Demo */ = {
			isa = PBXNativeTarget;
			buildConfigurationList = A277B2BE19C7C6EA002E0E32 /* Build configuration list for PBXNativeTarget "Demo" */;
			buildPhases = (
				A277B29E19C7C6EA002E0E32 /* Sources */,
				A277B29F19C7C6EA002E0E32 /* Frameworks */,
				A277B2A019C7C6EA002E0E32 /* Resources */,
			);
			buildRules = (
			);
			dependencies = (
			);
			name = Demo;
			productName = Demo;
			productReference = A277B2A219C7C6EA002E0E32 /* Demo.app */;
			productType = "com.apple.product-type.application";
		};
		A277B2B319C7C6EA002E0E32 /* DemoTests */ = {
			isa = PBXNativeTarget;
			buildConfigurationList = A277B2C119C7C6EA002E0E32 /* Build configuration list for PBXNativeTarget "DemoTests" */;
			buildPhases = (
				A277B2B019C7C6EA002E0E32 /* Sources */,
				A277B2B119C7C6EA002E0E32 /* Frameworks */,
				A277B2B219C7C6EA002E0E32 /* Resources */,
			);
			buildRules = (
			);
			dependencies = (
				A277B2B619C7C6EA002E0E32 /* PBXTargetDependency */,
			);
			name = DemoTests;
			productName = DemoTests;
			productReference = A277B2B419C7C6EA002E0E32 /* DemoTests.xctest */;
			productType = "com.apple.product-type.bundle.unit-test";
		};
/* End PBXNativeTarget section */

/* Begin PBXProject section */
		A277B29A19C7C6EA002E0E32 /* Project object */ = {
			isa = PBXProject;
			attributes = {
				LastUpgradeCheck = 0600;
				ORGANIZATIONNAME = "Santosh Sankar";
				TargetAttributes = {
					A277B2A119C7C6EA002E0E32 = {
						CreatedOnToolsVersion = 6.0;
					};
					A277B2B319C7C6EA002E0E32 = {
						CreatedOnToolsVersion = 6.0;
						TestTargetID = A277B2A119C7C6EA002E0E32;
					};
				};
			};
			buildConfigurationList = A277B29D19C7C6EA002E0E32 /* Build configuration list for PBXProject "Demo" */;
			compatibilityVersion = "Xcode 3.2";
			developmentRegion = English;
			hasScannedForEncodings = 0;
			knownRegions = (
				en,
				Base,
			);
			mainGroup = A277B29919C7C6EA002E0E32;
			productRefGroup = A277B2A319C7C6EA002E0E32 /* Products */;
			projectDirPath = "";
			projectRoot = "";
			targets = (
				A277B2A119C7C6EA002E0E32 /* Demo */,
				A277B2B319C7C6EA002E0E32 /* DemoTests */,
			);
		};
/* End PBXProject section */

/* Begin PBXResourcesBuildPhase section */
		A277B2A019C7C6EA002E0E32 /* Resources */ = {
			isa = PBXResourcesBuildPhase;
			buildActionMask = 2147483647;
			files = (
				A277B2AD19C7C6EA002E0E32 /* Main.storyboard in Resources */,
				A277B2AF19C7C6EA002E0E32 /* Images.xcassets in Resources */,
			);
			runOnlyForDeploymentPostprocessing = 0;
		};
		A277B2B219C7C6EA002E0E32 /* Resources */ = {
			isa = PBXResourcesBuildPhase;
			buildActionMask = 2147483647;
			files = (
			);
			runOnlyForDeploymentPostprocessing = 0;
		};
/* End PBXResourcesBuildPhase section */

/* Begin PBXSourcesBuildPhase section */
		A277B29E19C7C6EA002E0E32 /* Sources */ = {
			isa = PBXSourcesBuildPhase;
			buildActionMask = 2147483647;
			files = (
				A277B2AA19C7C6EA002E0E32 /* ViewController.swift in Sources */,
				A277B2A819C7C6EA002E0E32 /* AppDelegate.swift in Sources */,
			);
			runOnlyForDeploymentPostprocessing = 0;
		};
		A277B2B019C7C6EA002E0E32 /* Sources */ = {
			isa = PBXSourcesBuildPhase;
			buildActionMask = 2147483647;
			files = (
				A277B2BB19C7C6EA002E0E32 /* DemoTests.swift in Sources */,
			);
			runOnlyForDeploymentPostprocessing = 0;
		};
/* End PBXSourcesBuildPhase section */

/* Begin PBXTargetDependency section */
		A277B2B619C7C6EA002E0E32 /* PBXTargetDependency */ = {
			isa = PBXTargetDependency;
			target = A277B2A119C7C6EA002E0E32 /* Demo */;
			targetProxy = A277B2B519C7C6EA002E0E32 /* PBXContainerItemProxy */;
		};
/* End PBXTargetDependency section */

/* Begin PBXVariantGroup section */
		A277B2AB19C7C6EA002E0E32 /* Main.storyboard */ = {
			isa = PBXVariantGroup;
			children = (
				A277B2AC19C7C6EA002E0E32 /* Base */,
			);
			name = Main.storyboard;
			sourceTree = "<group>";
		};
/* End PBXVariantGroup section */

/* Begin XCBuildConfiguration section */
		A277B2BC19C7C6EA002E0E32 /* Debug */ = {
			isa = XCBuildConfiguration;
			buildSettings = {
				ALWAYS_SEARCH_USER_PATHS = NO;
				CLANG_CXX_LANGUAGE_STANDARD = "gnu++0x";
				CLANG_CXX_LIBRARY = "libc++";
				CLANG_ENABLE_MODULES = YES;
				CLANG_ENABLE_OBJC_ARC = YES;
				CLANG_WARN_BOOL_CONVERSION = YES;
				CLANG_WARN_CONSTANT_CONVERSION = YES;
				CLANG_WARN_DIRECT_OBJC_ISA_USAGE = YES_ERROR;
				CLANG_WARN_EMPTY_BODY = YES;
				CLANG_WARN_ENUM_CONVERSION = YES;
				CLANG_WARN_INT_CONVERSION = YES;
				CLANG_WARN_OBJC_ROOT_CLASS = YES_ERROR;
				CLANG_WARN_UNREACHABLE_CODE = YES;
				CLANG_WARN__DUPLICATE_METHOD_MATCH = YES;
				"CODE_SIGN_IDENTITY[sdk=iphoneos*]" = "iPhone Developer";
				COPY_PHASE_STRIP = NO;
				ENABLE_STRICT_OBJC_MSGSEND = YES;
				GCC_C_LANGUAGE_STANDARD = gnu99;
				GCC_DYNAMIC_NO_PIC = NO;
				GCC_OPTIMIZATION_LEVEL = 0;
				GCC_PREPROCESSOR_DEFINITIONS = (
					"DEBUG=1",
					"$(inherited)",
				);
				GCC_SYMBOLS_PRIVATE_EXTERN = NO;
				GCC_WARN_64_TO_32_BIT_CONVERSION = YES;
				GCC_WARN_ABOUT_RETURN_TYPE = YES_ERROR;
				GCC_WARN_UNDECLARED_SELECTOR = YES;
				GCC_WARN_UNINITIALIZED_AUTOS = YES_AGGRESSIVE;
				GCC_WARN_UNUSED_FUNCTION = YES;
				GCC_WARN_UNUSED_VARIABLE = YES;
				IPHONEOS_DEPLOYMENT_TARGET = 8.0;
				MTL_ENABLE_DEBUG_INFO = YES;
				ONLY_ACTIVE_ARCH = YES;
				SDKROOT = iphoneos;
				SWIFT_OPTIMIZATION_LEVEL = "-Onone";
			};
			name = Debug;
		};
		A277B2BD19C7C6EA002E0E32 /* Release */ = {
			isa = XCBuildConfiguration;
			buildSettings = {
				ALWAYS_SEARCH_USER_PATHS = NO;
				CLANG_CXX_LANGUAGE_STANDARD = "gnu++0x";
				CLANG_CXX_LIBRARY = "libc++";
				CLANG_ENABLE_MODULES = YES;
				CLANG_ENABLE_OBJC_ARC = YES;
				CLANG_WARN_BOOL_CONVERSION = YES;
				CLANG_WARN_CONSTANT_CONVERSION = YES;
				CLANG_WARN_DIRECT_OBJC_ISA_USAGE = YES_ERROR;
				CLANG_WARN_EMPTY_BODY = YES;
				CLANG_WARN_ENUM_CONVERSION = YES;
				CLANG_WARN_INT_CONVERSION = YES;
				CLANG_WARN_OBJC_ROOT_CLASS = YES_ERROR;
				CLANG_WARN_UNREACHABLE_CODE = YES;
				CLANG_WARN__DUPLICATE_METHOD_MATCH = YES;
				"CODE_SIGN_IDENTITY[sdk=iphoneos*]" = "iPhone Developer";
				COPY_PHASE_STRIP = YES;
				ENABLE_NS_ASSERTIONS = NO;
				ENABLE_STRICT_OBJC_MSGSEND = YES;
				GCC_C_LANGUAGE_STANDARD = gnu99;
				GCC_WARN_64_TO_32_BIT_CONVERSION = YES;
				GCC_WARN_ABOUT_RETURN_TYPE = YES_ERROR;
				GCC_WARN_UNDECLARED_SELECTOR = YES;
				GCC_WARN_UNINITIALIZED_AUTOS = YES_AGGRESSIVE;
				GCC_WARN_UNUSED_FUNCTION = YES;
				GCC_WARN_UNUSED_VARIABLE = YES;
				IPHONEOS_DEPLOYMENT_TARGET = 8.0;
				MTL_ENABLE_DEBUG_INFO = NO;
				SDKROOT = iphoneos;
				VALIDATE_PRODUCT = YES;
			};
			name = Release;
		};
		A277B2BF19C7C6EA002E0E32 /* Debug */ = {
			isa = XCBuildConfiguration;
			buildSettings = {
				ASSETCATALOG_COMPILER_APPICON_NAME = AppIcon;
				ASSETCATALOG_COMPILER_LAUNCHIMAGE_NAME = LaunchImage;
				INFOPLIST_FILE = Demo/Info.plist;
				LD_RUNPATH_SEARCH_PATHS = "$(inherited) @executable_path/Frameworks";
				PRODUCT_NAME = "$(TARGET_NAME)";
			};
			name = Debug;
		};
		A277B2C019C7C6EA002E0E32 /* Release */ = {
			isa = XCBuildConfiguration;
			buildSettings = {
				ASSETCATALOG_COMPILER_APPICON_NAME = AppIcon;
				ASSETCATALOG_COMPILER_LAUNCHIMAGE_NAME = LaunchImage;
				INFOPLIST_FILE = Demo/Info.plist;
				LD_RUNPATH_SEARCH_PATHS = "$(inherited) @executable_path/Frameworks";
				PRODUCT_NAME = "$(TARGET_NAME)";
			};
			name = Release;
		};
		A277B2C219C7C6EA002E0E32 /* Debug */ = {
			isa = XCBuildConfiguration;
			buildSettings = {
				BUNDLE_LOADER = "$(TEST_HOST)";
				FRAMEWORK_SEARCH_PATHS = (
					"$(SDKROOT)/Developer/Library/Frameworks",
					"$(inherited)",
				);
				GCC_PREPROCESSOR_DEFINITIONS = (
					"DEBUG=1",
					"$(inherited)",
				);
				INFOPLIST_FILE = DemoTests/Info.plist;
				LD_RUNPATH_SEARCH_PATHS = "$(inherited) @executable_path/Frameworks @loader_path/Frameworks";
				PRODUCT_NAME = "$(TARGET_NAME)";
				TEST_HOST = "$(BUILT_PRODUCTS_DIR)/Demo.app/Demo";
			};
			name = Debug;
		};
		A277B2C319C7C6EA002E0E32 /* Release */ = {
			isa = XCBuildConfiguration;
			buildSettings = {
				BUNDLE_LOADER = "$(TEST_HOST)";
				FRAMEWORK_SEARCH_PATHS = (
					"$(SDKROOT)/Developer/Library/Frameworks",
					"$(inherited)",
				);
				INFOPLIST_FILE = DemoTests/Info.plist;
				LD_RUNPATH_SEARCH_PATHS = "$(inherited) @executable_path/Frameworks @loader_path/Frameworks";
				PRODUCT_NAME = "$(TARGET_NAME)";
				TEST_HOST = "$(BUILT_PRODUCTS_DIR)/Demo.app/Demo";
			};
			name = Release;
		};
/* End XCBuildConfiguration section */

/* Begin XCConfigurationList section */
		A277B29D19C7C6EA002E0E32 /* Build configuration list for PBXProject "Demo" */ = {
			isa = XCConfigurationList;
			buildConfigurations = (
				A277B2BC19C7C6EA002E0E32 /* Debug */,
				A277B2BD19C7C6EA002E0E32 /* Release */,
			);
			defaultConfigurationIsVisible = 0;
			defaultConfigurationName = Release;
		};
		A277B2BE19C7C6EA002E0E32 /* Build configuration list for PBXNativeTarget "Demo" */ = {
			isa = XCConfigurationList;
			buildConfigurations = (
				A277B2BF19C7C6EA002E0E32 /* Debug */,
				A277B2C019C7C6EA002E0E32 /* Release */,
			);
			defaultConfigurationIsVisible = 0;
		};
		A277B2C119C7C6EA002E0E32 /* Build configuration list for PBXNativeTarget "DemoTests" */ = {
			isa = XCConfigurationList;
			buildConfigurations = (
				A277B2C219C7C6EA002E0E32 /* Debug */,
				A277B2C319C7C6EA002E0E32 /* Release */,
			);
			defaultConfigurationIsVisible = 0;
		};
/* End XCConfigurationList section */
	};
	rootObject = A277B29A19C7C6EA002E0E32 /* Project object */;
}
